
Microsoft Visual Studio Solution File, Format Version 12.00
# Visual Studio Version 17
VisualStudioVersion = 17.3.32922.545
MinimumVisualStudioVersion = 10.0.40219.1
Project("{8BC9CEB8-8B4A-11D0-8D11-00A0C91BC942}") = "22032022", "22032022\22032022.vcxproj", "{C155D4D7-4DBF-4C50-82DB-25D40CA29DED}"
EndProject
Global
	GlobalSection(SolutionConfigurationPlatforms) = preSolution
		Debug|x64 = Debug|x64
		Debug|x86 = Debug|x86
		Release|x64 = Release|x64
		Release|x86 = Release|x86
	EndGlobalSection
	GlobalSection(ProjectConfigurationPlatforms) = postSolution
		{C155D4D7-4DBF-4C50-82DB-25D40CA29DED}.Debug|x64.ActiveCfg = Debug|x64
		{C155D4D7-4DBF-4C50-82DB-25D40CA29DED}.Debug|x64.Build.0 = Debug|x64
		{C155D4D7-4DBF-4C50-82DB-25D40CA29DED}.Debug|x86.ActiveCfg = Debug|Win32
		{C155D4D7-4DBF-4C50-82DB-25D40CA29DED}.Debug|x86.Build.0 = Debug|Win32
		{C155D4D7-4DBF-4C50-82DB-25D40CA29DED}.Release|x64.ActiveCfg = Release|x64
		{C155D4D7-4DBF-4C50-82DB-25D40CA29DED}.Release|x64.Build.0 = Release|x64
		{C155D4D7-4DBF-4C50-82DB-25D40CA29DED}.Release|x86.ActiveCfg = Release|Win32
		{C155D4D7-4DBF-4C50-82DB-25D40CA29DED}.Release|x86.Build.0 = Release|Win32
	EndGlobalSection
	GlobalSection(SolutionProperties) = preSolution
		HideSolutionNode = FALSE
	EndGlobalSection
	GlobalSection(ExtensibilityGlobals) = postSolution
		SolutionGuid = {62BDB619-66D1-4864-9EF6-1B4400EF3C83}
	EndGlobalSection
EndGlobal
